
Microsoft Visual Studio Solution File, Format Version 12.00
# Visual Studio 2013
VisualStudioVersion = 12.0.30723.0
MinimumVisualStudioVersion = 10.0.40219.1
Project("{FAE04EC0-301F-11D3-BF4B-00C04F79EFBC}") = "weekcc", "weekcc\weekcc.csproj", "{7E50EDC7-44B4-4477-AC6D-4D174D38E3AB}"
EndProject
Project("{FAE04EC0-301F-11D3-BF4B-00C04F79EFBC}") = "weekcs", "weekcs\weekcs.csproj", "{5B95BCD9-995D-45DD-858C-FE3823B8A186}"
EndProject
Project("{FAE04EC0-301F-11D3-BF4B-00C04F79EFBC}") = "weekc", "weekc\weekc.csproj", "{FCFEFC5B-D0F9-42CE-99E8-F08EE2873401}"
EndProject
Project("{FAE04EC0-301F-11D3-BF4B-00C04F79EFBC}") = "weekcWP8", "weekcWP8\weekcWP8.csproj", "{20E6A6A0-4996-4906-BA75-0DC9FE9F1FC6}"
EndProject
Project("{FAE04EC0-301F-11D3-BF4B-00C04F79EFBC}") = "weekccWP8", "weekccWP8\weekccWP8.csproj", "{FEC582C5-1A92-404C-8BEA-374CFF5DD0E8}"
EndProject
Global
	GlobalSection(SolutionConfigurationPlatforms) = preSolution
		Debug|Any CPU = Debug|Any CPU
		Debug|ARM = Debug|ARM
		Debug|x86 = Debug|x86
		DebugFakeAppts|Any CPU = DebugFakeAppts|Any CPU
		DebugFakeAppts|ARM = DebugFakeAppts|ARM
		DebugFakeAppts|x86 = DebugFakeAppts|x86
		Release|Any CPU = Release|Any CPU
		Release|ARM = Release|ARM
		Release|x86 = Release|x86
	EndGlobalSection
	GlobalSection(ProjectConfigurationPlatforms) = postSolution
		{7E50EDC7-44B4-4477-AC6D-4D174D38E3AB}.Debug|Any CPU.ActiveCfg = Debug|Any CPU
		{7E50EDC7-44B4-4477-AC6D-4D174D38E3AB}.Debug|Any CPU.Build.0 = Debug|Any CPU
		{7E50EDC7-44B4-4477-AC6D-4D174D38E3AB}.Debug|ARM.ActiveCfg = Debug|Any CPU
		{7E50EDC7-44B4-4477-AC6D-4D174D38E3AB}.Debug|x86.ActiveCfg = Debug|Any CPU
		{7E50EDC7-44B4-4477-AC6D-4D174D38E3AB}.DebugFakeAppts|Any CPU.ActiveCfg = DebugFakeAppts|Any CPU
		{7E50EDC7-44B4-4477-AC6D-4D174D38E3AB}.DebugFakeAppts|Any CPU.Build.0 = DebugFakeAppts|Any CPU
		{7E50EDC7-44B4-4477-AC6D-4D174D38E3AB}.DebugFakeAppts|ARM.ActiveCfg = DebugFakeAppts|Any CPU
		{7E50EDC7-44B4-4477-AC6D-4D174D38E3AB}.DebugFakeAppts|x86.ActiveCfg = DebugFakeAppts|Any CPU
		{7E50EDC7-44B4-4477-AC6D-4D174D38E3AB}.Release|Any CPU.ActiveCfg = Release|Any CPU
		{7E50EDC7-44B4-4477-AC6D-4D174D38E3AB}.Release|Any CPU.Build.0 = Release|Any CPU
		{7E50EDC7-44B4-4477-AC6D-4D174D38E3AB}.Release|ARM.ActiveCfg = Release|Any CPU
		{7E50EDC7-44B4-4477-AC6D-4D174D38E3AB}.Release|x86.ActiveCfg = Release|Any CPU
		{5B95BCD9-995D-45DD-858C-FE3823B8A186}.Debug|Any CPU.ActiveCfg = Debug|Any CPU
		{5B95BCD9-995D-45DD-858C-FE3823B8A186}.Debug|Any CPU.Build.0 = Debug|Any CPU
		{5B95BCD9-995D-45DD-858C-FE3823B8A186}.Debug|ARM.ActiveCfg = Debug|Any CPU
		{5B95BCD9-995D-45DD-858C-FE3823B8A186}.Debug|x86.ActiveCfg = Debug|Any CPU
		{5B95BCD9-995D-45DD-858C-FE3823B8A186}.DebugFakeAppts|Any CPU.ActiveCfg = DebugFakeAppts|Any CPU
		{5B95BCD9-995D-45DD-858C-FE3823B8A186}.DebugFakeAppts|Any CPU.Build.0 = DebugFakeAppts|Any CPU
		{5B95BCD9-995D-45DD-858C-FE3823B8A186}.DebugFakeAppts|ARM.ActiveCfg = DebugFakeAppts|Any CPU
		{5B95BCD9-995D-45DD-858C-FE3823B8A186}.DebugFakeAppts|x86.ActiveCfg = DebugFakeAppts|Any CPU
		{5B95BCD9-995D-45DD-858C-FE3823B8A186}.Release|Any CPU.ActiveCfg = Release|Any CPU
		{5B95BCD9-995D-45DD-858C-FE3823B8A186}.Release|Any CPU.Build.0 = Release|Any CPU
		{5B95BCD9-995D-45DD-858C-FE3823B8A186}.Release|ARM.ActiveCfg = Release|Any CPU
		{5B95BCD9-995D-45DD-858C-FE3823B8A186}.Release|x86.ActiveCfg = Release|Any CPU
		{FCFEFC5B-D0F9-42CE-99E8-F08EE2873401}.Debug|Any CPU.ActiveCfg = Debug|Any CPU
		{FCFEFC5B-D0F9-42CE-99E8-F08EE2873401}.Debug|Any CPU.Build.0 = Debug|Any CPU
		{FCFEFC5B-D0F9-42CE-99E8-F08EE2873401}.Debug|Any CPU.Deploy.0 = Debug|Any CPU
		{FCFEFC5B-D0F9-42CE-99E8-F08EE2873401}.Debug|ARM.ActiveCfg = Debug|Any CPU
		{FCFEFC5B-D0F9-42CE-99E8-F08EE2873401}.Debug|x86.ActiveCfg = Debug|Any CPU
		{FCFEFC5B-D0F9-42CE-99E8-F08EE2873401}.DebugFakeAppts|Any CPU.ActiveCfg = DebugFakeAppts|Any CPU
		{FCFEFC5B-D0F9-42CE-99E8-F08EE2873401}.DebugFakeAppts|Any CPU.Build.0 = DebugFakeAppts|Any CPU
		{FCFEFC5B-D0F9-42CE-99E8-F08EE2873401}.DebugFakeAppts|Any CPU.Deploy.0 = DebugFakeAppts|Any CPU
		{FCFEFC5B-D0F9-42CE-99E8-F08EE2873401}.DebugFakeAppts|ARM.ActiveCfg = DebugFakeAppts|Any CPU
		{FCFEFC5B-D0F9-42CE-99E8-F08EE2873401}.DebugFakeAppts|x86.ActiveCfg = DebugFakeAppts|Any CPU
		{FCFEFC5B-D0F9-42CE-99E8-F08EE2873401}.Release|Any CPU.ActiveCfg = Release|Any CPU
		{FCFEFC5B-D0F9-42CE-99E8-F08EE2873401}.Release|Any CPU.Build.0 = Release|Any CPU
		{FCFEFC5B-D0F9-42CE-99E8-F08EE2873401}.Release|Any CPU.Deploy.0 = Release|Any CPU
		{FCFEFC5B-D0F9-42CE-99E8-F08EE2873401}.Release|ARM.ActiveCfg = Release|Any CPU
		{FCFEFC5B-D0F9-42CE-99E8-F08EE2873401}.Release|x86.ActiveCfg = Release|Any CPU
		{20E6A6A0-4996-4906-BA75-0DC9FE9F1FC6}.Debug|Any CPU.ActiveCfg = Debug|Any CPU
		{20E6A6A0-4996-4906-BA75-0DC9FE9F1FC6}.Debug|Any CPU.Build.0 = Debug|Any CPU
		{20E6A6A0-4996-4906-BA75-0DC9FE9F1FC6}.Debug|Any CPU.Deploy.0 = Debug|Any CPU
		{20E6A6A0-4996-4906-BA75-0DC9FE9F1FC6}.Debug|ARM.ActiveCfg = Debug|ARM
		{20E6A6A0-4996-4906-BA75-0DC9FE9F1FC6}.Debug|ARM.Build.0 = Debug|ARM
		{20E6A6A0-4996-4906-BA75-0DC9FE9F1FC6}.Debug|ARM.Deploy.0 = Debug|ARM
		{20E6A6A0-4996-4906-BA75-0DC9FE9F1FC6}.Debug|x86.ActiveCfg = Debug|x86
		{20E6A6A0-4996-4906-BA75-0DC9FE9F1FC6}.Debug|x86.Build.0 = Debug|x86
		{20E6A6A0-4996-4906-BA75-0DC9FE9F1FC6}.Debug|x86.Deploy.0 = Debug|x86
		{20E6A6A0-4996-4906-BA75-0DC9FE9F1FC6}.DebugFakeAppts|Any CPU.ActiveCfg = DebugFakeAppts|Any CPU
		{20E6A6A0-4996-4906-BA75-0DC9FE9F1FC6}.DebugFakeAppts|Any CPU.Build.0 = DebugFakeAppts|Any CPU
		{20E6A6A0-4996-4906-BA75-0DC9FE9F1FC6}.DebugFakeAppts|Any CPU.Deploy.0 = DebugFakeAppts|Any CPU
		{20E6A6A0-4996-4906-BA75-0DC9FE9F1FC6}.DebugFakeAppts|ARM.ActiveCfg = DebugFakeAppts|ARM
		{20E6A6A0-4996-4906-BA75-0DC9FE9F1FC6}.DebugFakeAppts|ARM.Build.0 = DebugFakeAppts|ARM
		{20E6A6A0-4996-4906-BA75-0DC9FE9F1FC6}.DebugFakeAppts|ARM.Deploy.0 = DebugFakeAppts|ARM
		{20E6A6A0-4996-4906-BA75-0DC9FE9F1FC6}.DebugFakeAppts|x86.ActiveCfg = DebugFakeAppts|x86
		{20E6A6A0-4996-4906-BA75-0DC9FE9F1FC6}.DebugFakeAppts|x86.Build.0 = DebugFakeAppts|x86
		{20E6A6A0-4996-4906-BA75-0DC9FE9F1FC6}.DebugFakeAppts|x86.Deploy.0 = DebugFakeAppts|x86
		{20E6A6A0-4996-4906-BA75-0DC9FE9F1FC6}.Release|Any CPU.ActiveCfg = Release|Any CPU
		{20E6A6A0-4996-4906-BA75-0DC9FE9F1FC6}.Release|Any CPU.Build.0 = Release|Any CPU
		{20E6A6A0-4996-4906-BA75-0DC9FE9F1FC6}.Release|Any CPU.Deploy.0 = Release|Any CPU
		{20E6A6A0-4996-4906-BA75-0DC9FE9F1FC6}.Release|ARM.ActiveCfg = Release|ARM
		{20E6A6A0-4996-4906-BA75-0DC9FE9F1FC6}.Release|ARM.Build.0 = Release|ARM
		{20E6A6A0-4996-4906-BA75-0DC9FE9F1FC6}.Release|ARM.Deploy.0 = Release|ARM
		{20E6A6A0-4996-4906-BA75-0DC9FE9F1FC6}.Release|x86.ActiveCfg = Release|x86
		{20E6A6A0-4996-4906-BA75-0DC9FE9F1FC6}.Release|x86.Build.0 = Release|x86
		{20E6A6A0-4996-4906-BA75-0DC9FE9F1FC6}.Release|x86.Deploy.0 = Release|x86
		{FEC582C5-1A92-404C-8BEA-374CFF5DD0E8}.Debug|Any CPU.ActiveCfg = Debug|Any CPU
		{FEC582C5-1A92-404C-8BEA-374CFF5DD0E8}.Debug|Any CPU.Build.0 = Debug|Any CPU
		{FEC582C5-1A92-404C-8BEA-374CFF5DD0E8}.Debug|ARM.ActiveCfg = Debug|ARM
		{FEC582C5-1A92-404C-8BEA-374CFF5DD0E8}.Debug|ARM.Build.0 = Debug|ARM
		{FEC582C5-1A92-404C-8BEA-374CFF5DD0E8}.Debug|x86.ActiveCfg = Debug|x86
		{FEC582C5-1A92-404C-8BEA-374CFF5DD0E8}.Debug|x86.Build.0 = Debug|x86
		{FEC582C5-1A92-404C-8BEA-374CFF5DD0E8}.DebugFakeAppts|Any CPU.ActiveCfg = DebugFakeAppts|Any CPU
		{FEC582C5-1A92-404C-8BEA-374CFF5DD0E8}.DebugFakeAppts|Any CPU.Build.0 = DebugFakeAppts|Any CPU
		{FEC582C5-1A92-404C-8BEA-374CFF5DD0E8}.DebugFakeAppts|ARM.ActiveCfg = Debug|ARM
		{FEC582C5-1A92-404C-8BEA-374CFF5DD0E8}.DebugFakeAppts|ARM.Build.0 = Debug|ARM
		{FEC582C5-1A92-404C-8BEA-374CFF5DD0E8}.DebugFakeAppts|x86.ActiveCfg = Debug|x86
		{FEC582C5-1A92-404C-8BEA-374CFF5DD0E8}.DebugFakeAppts|x86.Build.0 = Debug|x86
		{FEC582C5-1A92-404C-8BEA-374CFF5DD0E8}.Release|Any CPU.ActiveCfg = Release|Any CPU
		{FEC582C5-1A92-404C-8BEA-374CFF5DD0E8}.Release|Any CPU.Build.0 = Release|Any CPU
		{FEC582C5-1A92-404C-8BEA-374CFF5DD0E8}.Release|ARM.ActiveCfg = Release|ARM
		{FEC582C5-1A92-404C-8BEA-374CFF5DD0E8}.Release|ARM.Build.0 = Release|ARM
		{FEC582C5-1A92-404C-8BEA-374CFF5DD0E8}.Release|x86.ActiveCfg = Release|x86
		{FEC582C5-1A92-404C-8BEA-374CFF5DD0E8}.Release|x86.Build.0 = Release|x86
	EndGlobalSection
	GlobalSection(SolutionProperties) = preSolution
		HideSolutionNode = FALSE
	EndGlobalSection
EndGlobal
